// !$*UTF8*$!
{
	archiveVersion = 1;
	classes = {
	};
	objectVersion = 46;
	objects = {

/* Begin PBXBuildFile section */
		AC0987FE1D9D599000664AB0 /* UIView+Additions.swift in Sources */ = {isa = PBXBuildFile; fileRef = AC0987FD1D9D599000664AB0 /* UIView+Additions.swift */; };
		AC0988001D9D5CD700664AB0 /* Cell.swift in Sources */ = {isa = PBXBuildFile; fileRef = AC0987FF1D9D5CD700664AB0 /* Cell.swift */; };
		AC3050D51D942A9300A95508 /* AppDelegate.swift in Sources */ = {isa = PBXBuildFile; fileRef = AC3050D41D942A9300A95508 /* AppDelegate.swift */; };
		AC3050D71D942A9300A95508 /* ViewController.swift in Sources */ = {isa = PBXBuildFile; fileRef = AC3050D61D942A9300A95508 /* ViewController.swift */; };
		AC3050DA1D942A9300A95508 /* Main.storyboard in Resources */ = {isa = PBXBuildFile; fileRef = AC3050D81D942A9300A95508 /* Main.storyboard */; };
		AC3050DC1D942A9300A95508 /* Assets.xcassets in Resources */ = {isa = PBXBuildFile; fileRef = AC3050DB1D942A9300A95508 /* Assets.xcassets */; };
		AC3050DF1D942A9300A95508 /* LaunchScreen.storyboard in Resources */ = {isa = PBXBuildFile; fileRef = AC3050DD1D942A9300A95508 /* LaunchScreen.storyboard */; };
		AC3050E71D9431A500A95508 /* ViewController+Blur.swift in Sources */ = {isa = PBXBuildFile; fileRef = AC3050E61D9431A500A95508 /* ViewController+Blur.swift */; };
		AC3050ED1D94345A00A95508 /* UIImage+Additions.m in Sources */ = {isa = PBXBuildFile; fileRef = AC3050EA1D94345A00A95508 /* UIImage+Additions.m */; };
		AC3050EE1D94345A00A95508 /* UIImage+ImageEffects.m in Sources */ = {isa = PBXBuildFile; fileRef = AC3050EC1D94345A00A95508 /* UIImage+ImageEffects.m */; };
/* End PBXBuildFile section */

/* Begin PBXFileReference section */
		AC0987FD1D9D599000664AB0 /* UIView+Additions.swift */ = {isa = PBXFileReference; fileEncoding = 4; lastKnownFileType = sourcecode.swift; path = "UIView+Additions.swift"; sourceTree = "<group>"; };
		AC0987FF1D9D5CD700664AB0 /* Cell.swift */ = {isa = PBXFileReference; fileEncoding = 4; lastKnownFileType = sourcecode.swift; path = Cell.swift; sourceTree = "<group>"; };
		AC3050D11D942A9300A95508 /* SwipeBlure.app */ = {isa = PBXFileReference; explicitFileType = wrapper.application; includeInIndex = 0; path = SwipeBlure.app; sourceTree = BUILT_PRODUCTS_DIR; };
		AC3050D41D942A9300A95508 /* AppDelegate.swift */ = {isa = PBXFileReference; lastKnownFileType = sourcecode.swift; path = AppDelegate.swift; sourceTree = "<group>"; };
		AC3050D61D942A9300A95508 /* ViewController.swift */ = {isa = PBXFileReference; lastKnownFileType = sourcecode.swift; path = ViewController.swift; sourceTree = "<group>"; };
		AC3050D91D942A9300A95508 /* Base */ = {isa = PBXFileReference; lastKnownFileType = file.storyboard; name = Base; path = Base.lproj/Main.storyboard; sourceTree = "<group>"; };
		AC3050DB1D942A9300A95508 /* Assets.xcassets */ = {isa = PBXFileReference; lastKnownFileType = folder.assetcatalog; path = Assets.xcassets; sourceTree = "<group>"; };
		AC3050DE1D942A9300A95508 /* Base */ = {isa = PBXFileReference; lastKnownFileType = file.storyboard; name = Base; path = Base.lproj/LaunchScreen.storyboard; sourceTree = "<group>"; };
		AC3050E01D942A9300A95508 /* Info.plist */ = {isa = PBXFileReference; lastKnownFileType = text.plist.xml; path = Info.plist; sourceTree = "<group>"; };
		AC3050E61D9431A500A95508 /* ViewController+Blur.swift */ = {isa = PBXFileReference; fileEncoding = 4; lastKnownFileType = sourcecode.swift; path = "ViewController+Blur.swift"; sourceTree = "<group>"; };
		AC3050E81D94345900A95508 /* SwipeBlure-Bridging-Header.h */ = {isa = PBXFileReference; lastKnownFileType = sourcecode.c.h; path = "SwipeBlure-Bridging-Header.h"; sourceTree = "<group>"; };
		AC3050E91D94345A00A95508 /* UIImage+Additions.h */ = {isa = PBXFileReference; fileEncoding = 4; lastKnownFileType = sourcecode.c.h; path = "UIImage+Additions.h"; sourceTree = "<group>"; };
		AC3050EA1D94345A00A95508 /* UIImage+Additions.m */ = {isa = PBXFileReference; fileEncoding = 4; lastKnownFileType = sourcecode.c.objc; path = "UIImage+Additions.m"; sourceTree = "<group>"; };
		AC3050EB1D94345A00A95508 /* UIImage+ImageEffects.h */ = {isa = PBXFileReference; fileEncoding = 4; lastKnownFileType = sourcecode.c.h; path = "UIImage+ImageEffects.h"; sourceTree = "<group>"; };
		AC3050EC1D94345A00A95508 /* UIImage+ImageEffects.m */ = {isa = PBXFileReference; fileEncoding = 4; lastKnownFileType = sourcecode.c.objc; path = "UIImage+ImageEffects.m"; sourceTree = "<group>"; };
/* End PBXFileReference section */

/* Begin PBXFrameworksBuildPhase section */
		AC3050CE1D942A9300A95508 /* Frameworks */ = {
			isa = PBXFrameworksBuildPhase;
			buildActionMask = 2147483647;
			files = (
			);
			runOnlyForDeploymentPostprocessing = 0;
		};
/* End PBXFrameworksBuildPhase section */

/* Begin PBXGroup section */
		AC3050C81D942A9300A95508 = {
			isa = PBXGroup;
			children = (
				AC3050D31D942A9300A95508 /* SwipeBlure */,
				AC3050D21D942A9300A95508 /* Products */,
			);
			sourceTree = "<group>";
		};
		AC3050D21D942A9300A95508 /* Products */ = {
			isa = PBXGroup;
			children = (
				AC3050D11D942A9300A95508 /* SwipeBlure.app */,
			);
			name = Products;
			sourceTree = "<group>";
		};
		AC3050D31D942A9300A95508 /* SwipeBlure */ = {
			isa = PBXGroup;
			children = (
				AC3050D41D942A9300A95508 /* AppDelegate.swift */,
				AC3050D61D942A9300A95508 /* ViewController.swift */,
				AC3050E61D9431A500A95508 /* ViewController+Blur.swift */,
				AC0987FF1D9D5CD700664AB0 /* Cell.swift */,
				AC3050EF1D94346000A95508 /* Utility */,
				AC3050D81D942A9300A95508 /* Main.storyboard */,
				AC3050DB1D942A9300A95508 /* Assets.xcassets */,
				AC3050DD1D942A9300A95508 /* LaunchScreen.storyboard */,
				AC3050E01D942A9300A95508 /* Info.plist */,
				AC3050E81D94345900A95508 /* SwipeBlure-Bridging-Header.h */,
			);
			path = SwipeBlure;
			sourceTree = "<group>";
		};
		AC3050EF1D94346000A95508 /* Utility */ = {
			isa = PBXGroup;
			children = (
				AC0987FD1D9D599000664AB0 /* UIView+Additions.swift */,
				AC3050E91D94345A00A95508 /* UIImage+Additions.h */,
				AC3050EA1D94345A00A95508 /* UIImage+Additions.m */,
				AC3050EB1D94345A00A95508 /* UIImage+ImageEffects.h */,
				AC3050EC1D94345A00A95508 /* UIImage+ImageEffects.m */,
			);
			name = Utility;
			sourceTree = "<group>";
		};
/* End PBXGroup section */

/* Begin PBXNativeTarget section */
		AC3050D01D942A9300A95508 /* SwipeBlure */ = {
			isa = PBXNativeTarget;
			buildConfigurationList = AC3050E31D942A9300A95508 /* Build configuration list for PBXNativeTarget "SwipeBlure" */;
			buildPhases = (
				AC3050CD1D942A9300A95508 /* Sources */,
				AC3050CE1D942A9300A95508 /* Frameworks */,
				AC3050CF1D942A9300A95508 /* Resources */,
			);
			buildRules = (
			);
			dependencies = (
			);
			name = SwipeBlure;
			productName = SwipeBlure;
			productReference = AC3050D11D942A9300A95508 /* SwipeBlure.app */;
			productType = "com.apple.product-type.application";
		};
/* End PBXNativeTarget section */

/* Begin PBXProject section */
		AC3050C91D942A9300A95508 /* Project object */ = {
			isa = PBXProject;
			attributes = {
				LastSwiftUpdateCheck = 0730;
				LastUpgradeCheck = 0730;
				ORGANIZATIONNAME = q;
				TargetAttributes = {
					AC3050D01D942A9300A95508 = {
						CreatedOnToolsVersion = 7.3.1;
					};
				};
			};
			buildConfigurationList = AC3050CC1D942A9300A95508 /* Build configuration list for PBXProject "SwipeBlure" */;
			compatibilityVersion = "Xcode 3.2";
			developmentRegion = English;
			hasScannedForEncodings = 0;
			knownRegions = (
				en,
				Base,
			);
			mainGroup = AC3050C81D942A9300A95508;
			productRefGroup = AC3050D21D942A9300A95508 /* Products */;
			projectDirPath = "";
			projectRoot = "";
			targets = (
				AC3050D01D942A9300A95508 /* SwipeBlure */,
			);
		};
/* End PBXProject section */

/* Begin PBXResourcesBuildPhase section */
		AC3050CF1D942A9300A95508 /* Resources */ = {
			isa = PBXResourcesBuildPhase;
			buildActionMask = 2147483647;
			files = (
				AC3050DF1D942A9300A95508 /* LaunchScreen.storyboard in Resources */,
				AC3050DC1D942A9300A95508 /* Assets.xcassets in Resources */,
				AC3050DA1D942A9300A95508 /* Main.storyboard in Resources */,
			);
			runOnlyForDeploymentPostprocessing = 0;
		};
/* End PBXResourcesBuildPhase section */

/* Begin PBXSourcesBuildPhase section */
		AC3050CD1D942A9300A95508 /* Sources */ = {
			isa = PBXSourcesBuildPhase;
			buildActionMask = 2147483647;
			files = (
				AC0987FE1D9D599000664AB0 /* UIView+Additions.swift in Sources */,
				AC3050D71D942A9300A95508 /* ViewController.swift in Sources */,
				AC0988001D9D5CD700664AB0 /* Cell.swift in Sources */,
				AC3050EE1D94345A00A95508 /* UIImage+ImageEffects.m in Sources */,
				AC3050ED1D94345A00A95508 /* UIImage+Additions.m in Sources */,
				AC3050D51D942A9300A95508 /* AppDelegate.swift in Sources */,
				AC3050E71D9431A500A95508 /* ViewController+Blur.swift in Sources */,
			);
			runOnlyForDeploymentPostprocessing = 0;
		};
/* End PBXSourcesBuildPhase section */

/* Begin PBXVariantGroup section */
		AC3050D81D942A9300A95508 /* Main.storyboard */ = {
			isa = PBXVariantGroup;
			children = (
				AC3050D91D942A9300A95508 /* Base */,
			);
			name = Main.storyboard;
			sourceTree = "<group>";
		};
		AC3050DD1D942A9300A95508 /* LaunchScreen.storyboard */ = {
			isa = PBXVariantGroup;
			children = (
				AC3050DE1D942A9300A95508 /* Base */,
			);
			name = LaunchScreen.storyboard;
			sourceTree = "<group>";
		};
/* End PBXVariantGroup section */

/* Begin XCBuildConfiguration section */
		AC3050E11D942A9300A95508 /* Debug */ = {
			isa = XCBuildConfiguration;
			buildSettings = {
				ALWAYS_SEARCH_USER_PATHS = NO;
				CLANG_ANALYZER_NONNULL = YES;
				CLANG_CXX_LANGUAGE_STANDARD = "gnu++0x";
				CLANG_CXX_LIBRARY = "libc++";
				CLANG_ENABLE_MODULES = YES;
				CLANG_ENABLE_OBJC_ARC = YES;
				CLANG_WARN_BOOL_CONVERSION = YES;
				CLANG_WARN_CONSTANT_CONVERSION = YES;
				CLANG_WARN_DIRECT_OBJC_ISA_USAGE = YES_ERROR;
				CLANG_WARN_EMPTY_BODY = YES;
				CLANG_WARN_ENUM_CONVERSION = YES;
				CLANG_WARN_INT_CONVERSION = YES;
				CLANG_WARN_OBJC_ROOT_CLASS = YES_ERROR;
				CLANG_WARN_UNREACHABLE_CODE = YES;
				CLANG_WARN__DUPLICATE_METHOD_MATCH = YES;
				"CODE_SIGN_IDENTITY[sdk=iphoneos*]" = "iPhone Developer";
				COPY_PHASE_STRIP = NO;
				DEBUG_INFORMATION_FORMAT = dwarf;
				ENABLE_STRICT_OBJC_MSGSEND = YES;
				ENABLE_TESTABILITY = YES;
				GCC_C_LANGUAGE_STANDARD = gnu99;
				GCC_DYNAMIC_NO_PIC = NO;
				GCC_NO_COMMON_BLOCKS = YES;
				GCC_OPTIMIZATION_LEVEL = 0;
				GCC_PREPROCESSOR_DEFINITIONS = (
					"DEBUG=1",
					"$(inherited)",
				);
				GCC_WARN_64_TO_32_BIT_CONVERSION = YES;
				GCC_WARN_ABOUT_RETURN_TYPE = YES_ERROR;
				GCC_WARN_UNDECLARED_SELECTOR = YES;
				GCC_WARN_UNINITIALIZED_AUTOS = YES_AGGRESSIVE;
				GCC_WARN_UNUSED_FUNCTION = YES;
				GCC_WARN_UNUSED_VARIABLE = YES;
				IPHONEOS_DEPLOYMENT_TARGET = 9.3;
				MTL_ENABLE_DEBUG_INFO = YES;
				ONLY_ACTIVE_ARCH = YES;
				SDKROOT = iphoneos;
				SWIFT_OPTIMIZATION_LEVEL = "-Onone";
				TARGETED_DEVICE_FAMILY = "1,2";
			};
			name = Debug;
		};
		AC3050E21D942A9300A95508 /* Release */ = {
			isa = XCBuildConfiguration;
			buildSettings = {
				ALWAYS_SEARCH_USER_PATHS = NO;
				CLANG_ANALYZER_NONNULL = YES;
				CLANG_CXX_LANGUAGE_STANDARD = "gnu++0x";
				CLANG_CXX_LIBRARY = "libc++";
				CLANG_ENABLE_MODULES = YES;
				CLANG_ENABLE_OBJC_ARC = YES;
				CLANG_WARN_BOOL_CONVERSION = YES;
				CLANG_WARN_CONSTANT_CONVERSION = YES;
				CLANG_WARN_DIRECT_OBJC_ISA_USAGE = YES_ERROR;
				CLANG_WARN_EMPTY_BODY = YES;
				CLANG_WARN_ENUM_CONVERSION = YES;
				CLANG_WARN_INT_CONVERSION = YES;
				CLANG_WARN_OBJC_ROOT_CLASS = YES_ERROR;
				CLANG_WARN_UNREACHABLE_CODE = YES;
				CLANG_WARN__DUPLICATE_METHOD_MATCH = YES;
				"CODE_SIGN_IDENTITY[sdk=iphoneos*]" = "iPhone Developer";
				COPY_PHASE_STRIP = NO;
				DEBUG_INFORMATION_FORMAT = "dwarf-with-dsym";
				ENABLE_NS_ASSERTIONS = NO;
				ENABLE_STRICT_OBJC_MSGSEND = YES;
				GCC_C_LANGUAGE_STANDARD = gnu99;
				GCC_NO_COMMON_BLOCKS = YES;
				GCC_WARN_64_TO_32_BIT_CONVERSION = YES;
				GCC_WARN_ABOUT_RETURN_TYPE = YES_ERROR;
				GCC_WARN_UNDECLARED_SELECTOR = YES;
				GCC_WARN_UNINITIALIZED_AUTOS = YES_AGGRESSIVE;
				GCC_WARN_UNUSED_FUNCTION = YES;
				GCC_WARN_UNUSED_VARIABLE = YES;
				IPHONEOS_DEPLOYMENT_TARGET = 9.3;
				MTL_ENABLE_DEBUG_INFO = NO;
				SDKROOT = iphoneos;
				TARGETED_DEVICE_FAMILY = "1,2";
				VALIDATE_PRODUCT = YES;
			};
			name = Release;
		};
		AC3050E41D942A9300A95508 /* Debug */ = {
			isa = XCBuildConfiguration;
			buildSettings = {
				ASSETCATALOG_COMPILER_APPICON_NAME = AppIcon;
				CLANG_ENABLE_MODULES = YES;
				INFOPLIST_FILE = SwipeBlure/Info.plist;
				LD_RUNPATH_SEARCH_PATHS = "$(inherited) @executable_path/Frameworks";
				PRODUCT_BUNDLE_IDENTIFIER = com.q.SwipeBlure;
				PRODUCT_NAME = "$(TARGET_NAME)";
				SWIFT_OBJC_BRIDGING_HEADER = "SwipeBlure/SwipeBlure-Bridging-Header.h";
				SWIFT_OPTIMIZATION_LEVEL = "-Onone";
				TARGETED_DEVICE_FAMILY = 2;
			};
			name = Debug;
		};
		AC3050E51D942A9300A95508 /* Release */ = {
			isa = XCBuildConfiguration;
			buildSettings = {
				ASSETCATALOG_COMPILER_APPICON_NAME = AppIcon;
				CLANG_ENABLE_MODULES = YES;
				INFOPLIST_FILE = SwipeBlure/Info.plist;
				LD_RUNPATH_SEARCH_PATHS = "$(inherited) @executable_path/Frameworks";
				PRODUCT_BUNDLE_IDENTIFIER = com.q.SwipeBlure;
				PRODUCT_NAME = "$(TARGET_NAME)";
				SWIFT_OBJC_BRIDGING_HEADER = "SwipeBlure/SwipeBlure-Bridging-Header.h";
				TARGETED_DEVICE_FAMILY = 2;
			};
			name = Release;
		};
/* End XCBuildConfiguration section */

/* Begin XCConfigurationList section */
		AC3050CC1D942A9300A95508 /* Build configuration list for PBXProject "SwipeBlure" */ = {
			isa = XCConfigurationList;
			buildConfigurations = (
				AC3050E11D942A9300A95508 /* Debug */,
				AC3050E21D942A9300A95508 /* Release */,
			);
			defaultConfigurationIsVisible = 0;
			defaultConfigurationName = Release;
		};
		AC3050E31D942A9300A95508 /* Build configuration list for PBXNativeTarget "SwipeBlure" */ = {
			isa = XCConfigurationList;
			buildConfigurations = (
				AC3050E41D942A9300A95508 /* Debug */,
				AC3050E51D942A9300A95508 /* Release */,
			);
			defaultConfigurationIsVisible = 0;
			defaultConfigurationName = Release;
		};
/* End XCConfigurationList section */
	};
	rootObject = AC3050C91D942A9300A95508 /* Project object */;
}
